
Microsoft Visual Studio Solution File, Format Version 12.00
# Visual Studio Version 16
VisualStudioVersion = 16.0.29009.5
MinimumVisualStudioVersion = 10.0.40219.1
Project("{9A19103F-16F7-4668-BE54-9A1E7A4F7556}") = "SpotifyApi.NetCore", "SpotifyApi.NetCore\SpotifyApi.NetCore.csproj", "{D835F618-4B23-4DAD-842D-57D308499BA8}"
EndProject
Project("{9A19103F-16F7-4668-BE54-9A1E7A4F7556}") = "SpotifyApi.NetCore.Tests", "SpotifyApi.NetCore.Tests\SpotifyApi.NetCore.Tests.csproj", "{86644469-0957-4363-A185-32E6ADEB0C3E}"
EndProject
Global
	GlobalSection(SolutionConfigurationPlatforms) = preSolution
		Debug|Any CPU = Debug|Any CPU
		Release|Any CPU = Release|Any CPU
	EndGlobalSection
	GlobalSection(ProjectConfigurationPlatforms) = postSolution
		{D835F618-4B23-4DAD-842D-57D308499BA8}.Debug|Any CPU.ActiveCfg = Debug|Any CPU
		{D835F618-4B23-4DAD-842D-57D308499BA8}.Debug|Any CPU.Build.0 = Debug|Any CPU
		{D835F618-4B23-4DAD-842D-57D308499BA8}.Release|Any CPU.ActiveCfg = Release|Any CPU
		{D835F618-4B23-4DAD-842D-57D308499BA8}.Release|Any CPU.Build.0 = Release|Any CPU
		{86644469-0957-4363-A185-32E6ADEB0C3E}.Debug|Any CPU.ActiveCfg = Debug|Any CPU
		{86644469-0957-4363-A185-32E6ADEB0C3E}.Debug|Any CPU.Build.0 = Debug|Any CPU
		{86644469-0957-4363-A185-32E6ADEB0C3E}.Release|Any CPU.ActiveCfg = Release|Any CPU
		{86644469-0957-4363-A185-32E6ADEB0C3E}.Release|Any CPU.Build.0 = Release|Any CPU
	EndGlobalSection
	GlobalSection(SolutionProperties) = preSolution
		HideSolutionNode = FALSE
	EndGlobalSection
	GlobalSection(ExtensibilityGlobals) = postSolution
		SolutionGuid = {45AA36B6-8CC8-463C-9277-2D504217A6D6}
	EndGlobalSection
EndGlobal
